
Microsoft Visual Studio Solution File, Format Version 12.00
# Visual Studio Version 16
VisualStudioVersion = 16.0.30320.27
MinimumVisualStudioVersion = 10.0.40219.1
Project("{FAE04EC0-301F-11D3-BF4B-00C04F79EFBC}") = "QuantityMeasurementProblem", "QuantityMeasurementProblem\QuantityMeasurementProblem.csproj", "{EF0D0F28-FCE5-444F-B254-AFD4FCA836BB}"
EndProject
Project("{FAE04EC0-301F-11D3-BF4B-00C04F79EFBC}") = "QuantityMeasurementProblemTest", "QuantityMeasurementProblemTest\QuantityMeasurementProblemTest.csproj", "{BC6DDFDE-7DE1-4F4D-AA1A-E88782EECF56}"
EndProject
Global
	GlobalSection(SolutionConfigurationPlatforms) = preSolution
		Debug|Any CPU = Debug|Any CPU
		Release|Any CPU = Release|Any CPU
	EndGlobalSection
	GlobalSection(ProjectConfigurationPlatforms) = postSolution
		{EF0D0F28-FCE5-444F-B254-AFD4FCA836BB}.Debug|Any CPU.ActiveCfg = Debug|Any CPU
		{EF0D0F28-FCE5-444F-B254-AFD4FCA836BB}.Debug|Any CPU.Build.0 = Debug|Any CPU
		{EF0D0F28-FCE5-444F-B254-AFD4FCA836BB}.Release|Any CPU.ActiveCfg = Release|Any CPU
		{EF0D0F28-FCE5-444F-B254-AFD4FCA836BB}.Release|Any CPU.Build.0 = Release|Any CPU
		{BC6DDFDE-7DE1-4F4D-AA1A-E88782EECF56}.Debug|Any CPU.ActiveCfg = Debug|Any CPU
		{BC6DDFDE-7DE1-4F4D-AA1A-E88782EECF56}.Debug|Any CPU.Build.0 = Debug|Any CPU
		{BC6DDFDE-7DE1-4F4D-AA1A-E88782EECF56}.Release|Any CPU.ActiveCfg = Release|Any CPU
		{BC6DDFDE-7DE1-4F4D-AA1A-E88782EECF56}.Release|Any CPU.Build.0 = Release|Any CPU
	EndGlobalSection
	GlobalSection(SolutionProperties) = preSolution
		HideSolutionNode = FALSE
	EndGlobalSection
	GlobalSection(ExtensibilityGlobals) = postSolution
		SolutionGuid = {D0D9955D-5706-4EB3-9DAC-8E011DF8CEC6}
	EndGlobalSection
EndGlobal
